// !$*UTF8*$!
{
	archiveVersion = 1;
	classes = {
	};
	objectVersion = 55;
	objects = {

/* Begin PBXBuildFile section */
		82433D96C92697B0DB458B90 /* Pods_Safe_Hygeine_4U.framework in Frameworks */ = {isa = PBXBuildFile; fileRef = 78998F8879560B229C553B7A /* Pods_Safe_Hygeine_4U.framework */; };
		A56EDD8C285BCA43006E9056 /* HygieneAnnotation.swift in Sources */ = {isa = PBXBuildFile; fileRef = A56EDD8B285BCA43006E9056 /* HygieneAnnotation.swift */; };
		A56EDD96285EA060006E9056 /* Hygiene Service.swift in Sources */ = {isa = PBXBuildFile; fileRef = A56EDD95285EA060006E9056 /* Hygiene Service.swift */; };
		A5D3C6FE285A9222001A1EE7 /* AppDelegate.swift in Sources */ = {isa = PBXBuildFile; fileRef = A5D3C6FD285A9222001A1EE7 /* AppDelegate.swift */; };
		A5D3C700285A9222001A1EE7 /* SceneDelegate.swift in Sources */ = {isa = PBXBuildFile; fileRef = A5D3C6FF285A9222001A1EE7 /* SceneDelegate.swift */; };
		A5D3C705285A9222001A1EE7 /* Main.storyboard in Resources */ = {isa = PBXBuildFile; fileRef = A5D3C703285A9222001A1EE7 /* Main.storyboard */; };
		A5D3C707285A9225001A1EE7 /* Assets.xcassets in Resources */ = {isa = PBXBuildFile; fileRef = A5D3C706285A9225001A1EE7 /* Assets.xcassets */; };
		A5D3C70A285A9225001A1EE7 /* LaunchScreen.storyboard in Resources */ = {isa = PBXBuildFile; fileRef = A5D3C708285A9225001A1EE7 /* LaunchScreen.storyboard */; };
		A5D3C715285AA0EB001A1EE7 /* MapViewController.swift in Sources */ = {isa = PBXBuildFile; fileRef = A5D3C714285AA0EB001A1EE7 /* MapViewController.swift */; };
		A5D3C717285AA0FF001A1EE7 /* EventsViewController.swift in Sources */ = {isa = PBXBuildFile; fileRef = A5D3C716285AA0FF001A1EE7 /* EventsViewController.swift */; };
		A5D3C719285AA123001A1EE7 /* FeedViewController.swift in Sources */ = {isa = PBXBuildFile; fileRef = A5D3C718285AA123001A1EE7 /* FeedViewController.swift */; };
		A5F099742861393300AADEE1 /* GoogleService-Info.plist in Resources */ = {isa = PBXBuildFile; fileRef = A5F099732861393300AADEE1 /* GoogleService-Info.plist */; };
		A5F0997628614A8300AADEE1 /* DBManager.swift in Sources */ = {isa = PBXBuildFile; fileRef = A5F0997528614A8300AADEE1 /* DBManager.swift */; };
		A8CEFAFC2874DB1B004AAC5D /* RatingController.swift in Sources */ = {isa = PBXBuildFile; fileRef = A8CEFAFB2874DB1B004AAC5D /* RatingController.swift */; };
/* End PBXBuildFile section */

/* Begin PBXFileReference section */
		1A76CE5EFFA73CE839203025 /* Pods-Safe Hygeine 4U.release.xcconfig */ = {isa = PBXFileReference; includeInIndex = 1; lastKnownFileType = text.xcconfig; name = "Pods-Safe Hygeine 4U.release.xcconfig"; path = "Target Support Files/Pods-Safe Hygeine 4U/Pods-Safe Hygeine 4U.release.xcconfig"; sourceTree = "<group>"; };
		2079C577727E38B805D71231 /* Pods-Safe Hygeine 4U.debug.xcconfig */ = {isa = PBXFileReference; includeInIndex = 1; lastKnownFileType = text.xcconfig; name = "Pods-Safe Hygeine 4U.debug.xcconfig"; path = "Target Support Files/Pods-Safe Hygeine 4U/Pods-Safe Hygeine 4U.debug.xcconfig"; sourceTree = "<group>"; };
		78998F8879560B229C553B7A /* Pods_Safe_Hygeine_4U.framework */ = {isa = PBXFileReference; explicitFileType = wrapper.framework; includeInIndex = 0; path = Pods_Safe_Hygeine_4U.framework; sourceTree = BUILT_PRODUCTS_DIR; };
		A56EDD8B285BCA43006E9056 /* HygieneAnnotation.swift */ = {isa = PBXFileReference; lastKnownFileType = sourcecode.swift; path = HygieneAnnotation.swift; sourceTree = "<group>"; };
		A56EDD95285EA060006E9056 /* Hygiene Service.swift */ = {isa = PBXFileReference; lastKnownFileType = sourcecode.swift; path = "Hygiene Service.swift"; sourceTree = "<group>"; };
		A5D3C6FA285A9222001A1EE7 /* Safe Hygeine 4U.app */ = {isa = PBXFileReference; explicitFileType = wrapper.application; includeInIndex = 0; path = "Safe Hygeine 4U.app"; sourceTree = BUILT_PRODUCTS_DIR; };
		A5D3C6FD285A9222001A1EE7 /* AppDelegate.swift */ = {isa = PBXFileReference; lastKnownFileType = sourcecode.swift; path = AppDelegate.swift; sourceTree = "<group>"; };
		A5D3C6FF285A9222001A1EE7 /* SceneDelegate.swift */ = {isa = PBXFileReference; lastKnownFileType = sourcecode.swift; path = SceneDelegate.swift; sourceTree = "<group>"; };
		A5D3C704285A9222001A1EE7 /* Base */ = {isa = PBXFileReference; lastKnownFileType = file.storyboard; name = Base; path = Base.lproj/Main.storyboard; sourceTree = "<group>"; };
		A5D3C706285A9225001A1EE7 /* Assets.xcassets */ = {isa = PBXFileReference; lastKnownFileType = folder.assetcatalog; path = Assets.xcassets; sourceTree = "<group>"; };
		A5D3C709285A9225001A1EE7 /* Base */ = {isa = PBXFileReference; lastKnownFileType = file.storyboard; name = Base; path = Base.lproj/LaunchScreen.storyboard; sourceTree = "<group>"; };
		A5D3C70B285A9225001A1EE7 /* Info.plist */ = {isa = PBXFileReference; lastKnownFileType = text.plist.xml; path = Info.plist; sourceTree = "<group>"; };
		A5D3C714285AA0EB001A1EE7 /* MapViewController.swift */ = {isa = PBXFileReference; lastKnownFileType = sourcecode.swift; path = MapViewController.swift; sourceTree = "<group>"; };
		A5D3C716285AA0FF001A1EE7 /* EventsViewController.swift */ = {isa = PBXFileReference; lastKnownFileType = sourcecode.swift; path = EventsViewController.swift; sourceTree = "<group>"; };
		A5D3C718285AA123001A1EE7 /* FeedViewController.swift */ = {isa = PBXFileReference; lastKnownFileType = sourcecode.swift; path = FeedViewController.swift; sourceTree = "<group>"; };
		A5F099732861393300AADEE1 /* GoogleService-Info.plist */ = {isa = PBXFileReference; fileEncoding = 4; lastKnownFileType = text.plist.xml; path = "GoogleService-Info.plist"; sourceTree = "<group>"; };
		A5F0997528614A8300AADEE1 /* DBManager.swift */ = {isa = PBXFileReference; lastKnownFileType = sourcecode.swift; path = DBManager.swift; sourceTree = "<group>"; };
		A8CEFAFB2874DB1B004AAC5D /* RatingController.swift */ = {isa = PBXFileReference; lastKnownFileType = sourcecode.swift; path = RatingController.swift; sourceTree = "<group>"; };
/* End PBXFileReference section */

/* Begin PBXFrameworksBuildPhase section */
		A5D3C6F7285A9222001A1EE7 /* Frameworks */ = {
			isa = PBXFrameworksBuildPhase;
			buildActionMask = 2147483647;
			files = (
				82433D96C92697B0DB458B90 /* Pods_Safe_Hygeine_4U.framework in Frameworks */,
			);
			runOnlyForDeploymentPostprocessing = 0;
		};
/* End PBXFrameworksBuildPhase section */

/* Begin PBXGroup section */
		66620481E7E8E323EF610BB3 /* Frameworks */ = {
			isa = PBXGroup;
			children = (
				78998F8879560B229C553B7A /* Pods_Safe_Hygeine_4U.framework */,
			);
			name = Frameworks;
			sourceTree = "<group>";
		};
		A5D3C6F1285A9222001A1EE7 = {
			isa = PBXGroup;
			children = (
				A5D3C6FC285A9222001A1EE7 /* Safe Hygeine 4U */,
				A5D3C6FB285A9222001A1EE7 /* Products */,
				F6F40687E287F4F001750D05 /* Pods */,
				66620481E7E8E323EF610BB3 /* Frameworks */,
			);
			sourceTree = "<group>";
		};
		A5D3C6FB285A9222001A1EE7 /* Products */ = {
			isa = PBXGroup;
			children = (
				A5D3C6FA285A9222001A1EE7 /* Safe Hygeine 4U.app */,
			);
			name = Products;
			sourceTree = "<group>";
		};
		A5D3C6FC285A9222001A1EE7 /* Safe Hygeine 4U */ = {
			isa = PBXGroup;
			children = (
				A5F099732861393300AADEE1 /* GoogleService-Info.plist */,
				A5D3C6FD285A9222001A1EE7 /* AppDelegate.swift */,
				A5D3C6FF285A9222001A1EE7 /* SceneDelegate.swift */,
				A5D3C703285A9222001A1EE7 /* Main.storyboard */,
				A5D3C706285A9225001A1EE7 /* Assets.xcassets */,
				A5D3C708285A9225001A1EE7 /* LaunchScreen.storyboard */,
				A5D3C70B285A9225001A1EE7 /* Info.plist */,
				A5D3C713285A9DC0001A1EE7 /* Controller */,
				A5D3C712285A9DBE001A1EE7 /* View */,
				A5D3C711285A9DB0001A1EE7 /* Model */,
			);
			path = "Safe Hygeine 4U";
			sourceTree = "<group>";
		};
		A5D3C711285A9DB0001A1EE7 /* Model */ = {
			isa = PBXGroup;
			children = (
				A56EDD8B285BCA43006E9056 /* HygieneAnnotation.swift */,
				A56EDD95285EA060006E9056 /* Hygiene Service.swift */,
			);
			path = Model;
			sourceTree = "<group>";
		};
		A5D3C712285A9DBE001A1EE7 /* View */ = {
			isa = PBXGroup;
			children = (
			);
			path = View;
			sourceTree = "<group>";
		};
		A5D3C713285A9DC0001A1EE7 /* Controller */ = {
			isa = PBXGroup;
			children = (
				A5D3C714285AA0EB001A1EE7 /* MapViewController.swift */,
				A5D3C716285AA0FF001A1EE7 /* EventsViewController.swift */,
				A5D3C718285AA123001A1EE7 /* FeedViewController.swift */,
				A5F0997528614A8300AADEE1 /* DBManager.swift */,
				A8CEFAFB2874DB1B004AAC5D /* RatingController.swift */,
			);
			path = Controller;
			sourceTree = "<group>";
		};
		F6F40687E287F4F001750D05 /* Pods */ = {
			isa = PBXGroup;
			children = (
				2079C577727E38B805D71231 /* Pods-Safe Hygeine 4U.debug.xcconfig */,
				1A76CE5EFFA73CE839203025 /* Pods-Safe Hygeine 4U.release.xcconfig */,
			);
			path = Pods;
			sourceTree = "<group>";
		};
/* End PBXGroup section */

/* Begin PBXNativeTarget section */
		A5D3C6F9285A9222001A1EE7 /* Safe Hygeine 4U */ = {
			isa = PBXNativeTarget;
			buildConfigurationList = A5D3C70E285A9225001A1EE7 /* Build configuration list for PBXNativeTarget "Safe Hygeine 4U" */;
			buildPhases = (
				CC4D04E6DA7ECD803C4BB276 /* [CP] Check Pods Manifest.lock */,
				A5D3C6F6285A9222001A1EE7 /* Sources */,
				A5D3C6F7285A9222001A1EE7 /* Frameworks */,
				A5D3C6F8285A9222001A1EE7 /* Resources */,
				50DA3D7B5EC20AFC21D7C2C3 /* [CP] Embed Pods Frameworks */,
			);
			buildRules = (
			);
			dependencies = (
			);
			name = "Safe Hygeine 4U";
			productName = "Safe Hygeine 4U";
			productReference = A5D3C6FA285A9222001A1EE7 /* Safe Hygeine 4U.app */;
			productType = "com.apple.product-type.application";
		};
/* End PBXNativeTarget section */

/* Begin PBXProject section */
		A5D3C6F2285A9222001A1EE7 /* Project object */ = {
			isa = PBXProject;
			attributes = {
				BuildIndependentTargetsInParallel = 1;
				LastSwiftUpdateCheck = 1320;
				LastUpgradeCheck = 1320;
				TargetAttributes = {
					A5D3C6F9285A9222001A1EE7 = {
						CreatedOnToolsVersion = 13.2.1;
					};
				};
			};
			buildConfigurationList = A5D3C6F5285A9222001A1EE7 /* Build configuration list for PBXProject "Safe Hygeine 4U" */;
			compatibilityVersion = "Xcode 13.0";
			developmentRegion = en;
			hasScannedForEncodings = 0;
			knownRegions = (
				en,
				Base,
			);
			mainGroup = A5D3C6F1285A9222001A1EE7;
			productRefGroup = A5D3C6FB285A9222001A1EE7 /* Products */;
			projectDirPath = "";
			projectRoot = "";
			targets = (
				A5D3C6F9285A9222001A1EE7 /* Safe Hygeine 4U */,
			);
		};
/* End PBXProject section */

/* Begin PBXResourcesBuildPhase section */
		A5D3C6F8285A9222001A1EE7 /* Resources */ = {
			isa = PBXResourcesBuildPhase;
			buildActionMask = 2147483647;
			files = (
				A5D3C70A285A9225001A1EE7 /* LaunchScreen.storyboard in Resources */,
				A5D3C707285A9225001A1EE7 /* Assets.xcassets in Resources */,
				A5D3C705285A9222001A1EE7 /* Main.storyboard in Resources */,
				A5F099742861393300AADEE1 /* GoogleService-Info.plist in Resources */,
			);
			runOnlyForDeploymentPostprocessing = 0;
		};
/* End PBXResourcesBuildPhase section */

/* Begin PBXShellScriptBuildPhase section */
		50DA3D7B5EC20AFC21D7C2C3 /* [CP] Embed Pods Frameworks */ = {
			isa = PBXShellScriptBuildPhase;
			buildActionMask = 2147483647;
			files = (
			);
			inputFileListPaths = (
				"${PODS_ROOT}/Target Support Files/Pods-Safe Hygeine 4U/Pods-Safe Hygeine 4U-frameworks-${CONFIGURATION}-input-files.xcfilelist",
			);
			name = "[CP] Embed Pods Frameworks";
			outputFileListPaths = (
				"${PODS_ROOT}/Target Support Files/Pods-Safe Hygeine 4U/Pods-Safe Hygeine 4U-frameworks-${CONFIGURATION}-output-files.xcfilelist",
			);
			runOnlyForDeploymentPostprocessing = 0;
			shellPath = /bin/sh;
			shellScript = "\"${PODS_ROOT}/Target Support Files/Pods-Safe Hygeine 4U/Pods-Safe Hygeine 4U-frameworks.sh\"\n";
			showEnvVarsInLog = 0;
		};
		CC4D04E6DA7ECD803C4BB276 /* [CP] Check Pods Manifest.lock */ = {
			isa = PBXShellScriptBuildPhase;
			buildActionMask = 2147483647;
			files = (
			);
			inputFileListPaths = (
			);
			inputPaths = (
				"${PODS_PODFILE_DIR_PATH}/Podfile.lock",
				"${PODS_ROOT}/Manifest.lock",
			);
			name = "[CP] Check Pods Manifest.lock";
			outputFileListPaths = (
			);
			outputPaths = (
				"$(DERIVED_FILE_DIR)/Pods-Safe Hygeine 4U-checkManifestLockResult.txt",
			);
			runOnlyForDeploymentPostprocessing = 0;
			shellPath = /bin/sh;
			shellScript = "diff \"${PODS_PODFILE_DIR_PATH}/Podfile.lock\" \"${PODS_ROOT}/Manifest.lock\" > /dev/null\nif [ $? != 0 ] ; then\n    # print error to STDERR\n    echo \"error: The sandbox is not in sync with the Podfile.lock. Run 'pod install' or update your CocoaPods installation.\" >&2\n    exit 1\nfi\n# This output is used by Xcode 'outputs' to avoid re-running this script phase.\necho \"SUCCESS\" > \"${SCRIPT_OUTPUT_FILE_0}\"\n";
			showEnvVarsInLog = 0;
		};
/* End PBXShellScriptBuildPhase section */

/* Begin PBXSourcesBuildPhase section */
		A5D3C6F6285A9222001A1EE7 /* Sources */ = {
			isa = PBXSourcesBuildPhase;
			buildActionMask = 2147483647;
			files = (
				A5D3C6FE285A9222001A1EE7 /* AppDelegate.swift in Sources */,
				A56EDD96285EA060006E9056 /* Hygiene Service.swift in Sources */,
				A8CEFAFC2874DB1B004AAC5D /* RatingController.swift in Sources */,
				A5D3C700285A9222001A1EE7 /* SceneDelegate.swift in Sources */,
				A5F0997628614A8300AADEE1 /* DBManager.swift in Sources */,
				A5D3C715285AA0EB001A1EE7 /* MapViewController.swift in Sources */,
				A5D3C719285AA123001A1EE7 /* FeedViewController.swift in Sources */,
				A56EDD8C285BCA43006E9056 /* HygieneAnnotation.swift in Sources */,
				A5D3C717285AA0FF001A1EE7 /* EventsViewController.swift in Sources */,
			);
			runOnlyForDeploymentPostprocessing = 0;
		};
/* End PBXSourcesBuildPhase section */

/* Begin PBXVariantGroup section */
		A5D3C703285A9222001A1EE7 /* Main.storyboard */ = {
			isa = PBXVariantGroup;
			children = (
				A5D3C704285A9222001A1EE7 /* Base */,
			);
			name = Main.storyboard;
			sourceTree = "<group>";
		};
		A5D3C708285A9225001A1EE7 /* LaunchScreen.storyboard */ = {
			isa = PBXVariantGroup;
			children = (
				A5D3C709285A9225001A1EE7 /* Base */,
			);
			name = LaunchScreen.storyboard;
			sourceTree = "<group>";
		};
/* End PBXVariantGroup section */

/* Begin XCBuildConfiguration section */
		A5D3C70C285A9225001A1EE7 /* Debug */ = {
			isa = XCBuildConfiguration;
			buildSettings = {
				ALWAYS_SEARCH_USER_PATHS = NO;
				CLANG_ANALYZER_NONNULL = YES;
				CLANG_ANALYZER_NUMBER_OBJECT_CONVERSION = YES_AGGRESSIVE;
				CLANG_CXX_LANGUAGE_STANDARD = "gnu++17";
				CLANG_CXX_LIBRARY = "libc++";
				CLANG_ENABLE_MODULES = YES;
				CLANG_ENABLE_OBJC_ARC = YES;
				CLANG_ENABLE_OBJC_WEAK = YES;
				CLANG_WARN_BLOCK_CAPTURE_AUTORELEASING = YES;
				CLANG_WARN_BOOL_CONVERSION = YES;
				CLANG_WARN_COMMA = YES;
				CLANG_WARN_CONSTANT_CONVERSION = YES;
				CLANG_WARN_DEPRECATED_OBJC_IMPLEMENTATIONS = YES;
				CLANG_WARN_DIRECT_OBJC_ISA_USAGE = YES_ERROR;
				CLANG_WARN_DOCUMENTATION_COMMENTS = YES;
				CLANG_WARN_EMPTY_BODY = YES;
				CLANG_WARN_ENUM_CONVERSION = YES;
				CLANG_WARN_INFINITE_RECURSION = YES;
				CLANG_WARN_INT_CONVERSION = YES;
				CLANG_WARN_NON_LITERAL_NULL_CONVERSION = YES;
				CLANG_WARN_OBJC_IMPLICIT_RETAIN_SELF = YES;
				CLANG_WARN_OBJC_LITERAL_CONVERSION = YES;
				CLANG_WARN_OBJC_ROOT_CLASS = YES_ERROR;
				CLANG_WARN_QUOTED_INCLUDE_IN_FRAMEWORK_HEADER = YES;
				CLANG_WARN_RANGE_LOOP_ANALYSIS = YES;
				CLANG_WARN_STRICT_PROTOTYPES = YES;
				CLANG_WARN_SUSPICIOUS_MOVE = YES;
				CLANG_WARN_UNGUARDED_AVAILABILITY = YES_AGGRESSIVE;
				CLANG_WARN_UNREACHABLE_CODE = YES;
				CLANG_WARN__DUPLICATE_METHOD_MATCH = YES;
				COPY_PHASE_STRIP = NO;
				DEBUG_INFORMATION_FORMAT = dwarf;
				ENABLE_STRICT_OBJC_MSGSEND = YES;
				ENABLE_TESTABILITY = YES;
				GCC_C_LANGUAGE_STANDARD = gnu11;
				GCC_DYNAMIC_NO_PIC = NO;
				GCC_NO_COMMON_BLOCKS = YES;
				GCC_OPTIMIZATION_LEVEL = 0;
				GCC_PREPROCESSOR_DEFINITIONS = (
					"DEBUG=1",
					"$(inherited)",
				);
				GCC_WARN_64_TO_32_BIT_CONVERSION = YES;
				GCC_WARN_ABOUT_RETURN_TYPE = YES_ERROR;
				GCC_WARN_UNDECLARED_SELECTOR = YES;
				GCC_WARN_UNINITIALIZED_AUTOS = YES_AGGRESSIVE;
				GCC_WARN_UNUSED_FUNCTION = YES;
				GCC_WARN_UNUSED_VARIABLE = YES;
				IPHONEOS_DEPLOYMENT_TARGET = 15.2;
				MTL_ENABLE_DEBUG_INFO = INCLUDE_SOURCE;
				MTL_FAST_MATH = YES;
				ONLY_ACTIVE_ARCH = YES;
				SDKROOT = iphoneos;
				SWIFT_ACTIVE_COMPILATION_CONDITIONS = DEBUG;
				SWIFT_OPTIMIZATION_LEVEL = "-Onone";
			};
			name = Debug;
		};
		A5D3C70D285A9225001A1EE7 /* Release */ = {
			isa = XCBuildConfiguration;
			buildSettings = {
				ALWAYS_SEARCH_USER_PATHS = NO;
				CLANG_ANALYZER_NONNULL = YES;
				CLANG_ANALYZER_NUMBER_OBJECT_CONVERSION = YES_AGGRESSIVE;
				CLANG_CXX_LANGUAGE_STANDARD = "gnu++17";
				CLANG_CXX_LIBRARY = "libc++";
				CLANG_ENABLE_MODULES = YES;
				CLANG_ENABLE_OBJC_ARC = YES;
				CLANG_ENABLE_OBJC_WEAK = YES;
				CLANG_WARN_BLOCK_CAPTURE_AUTORELEASING = YES;
				CLANG_WARN_BOOL_CONVERSION = YES;
				CLANG_WARN_COMMA = YES;
				CLANG_WARN_CONSTANT_CONVERSION = YES;
				CLANG_WARN_DEPRECATED_OBJC_IMPLEMENTATIONS = YES;
				CLANG_WARN_DIRECT_OBJC_ISA_USAGE = YES_ERROR;
				CLANG_WARN_DOCUMENTATION_COMMENTS = YES;
				CLANG_WARN_EMPTY_BODY = YES;
				CLANG_WARN_ENUM_CONVERSION = YES;
				CLANG_WARN_INFINITE_RECURSION = YES;
				CLANG_WARN_INT_CONVERSION = YES;
				CLANG_WARN_NON_LITERAL_NULL_CONVERSION = YES;
				CLANG_WARN_OBJC_IMPLICIT_RETAIN_SELF = YES;
				CLANG_WARN_OBJC_LITERAL_CONVERSION = YES;
				CLANG_WARN_OBJC_ROOT_CLASS = YES_ERROR;
				CLANG_WARN_QUOTED_INCLUDE_IN_FRAMEWORK_HEADER = YES;
				CLANG_WARN_RANGE_LOOP_ANALYSIS = YES;
				CLANG_WARN_STRICT_PROTOTYPES = YES;
				CLANG_WARN_SUSPICIOUS_MOVE = YES;
				CLANG_WARN_UNGUARDED_AVAILABILITY = YES_AGGRESSIVE;
				CLANG_WARN_UNREACHABLE_CODE = YES;
				CLANG_WARN__DUPLICATE_METHOD_MATCH = YES;
				COPY_PHASE_STRIP = NO;
				DEBUG_INFORMATION_FORMAT = "dwarf-with-dsym";
				ENABLE_NS_ASSERTIONS = NO;
				ENABLE_STRICT_OBJC_MSGSEND = YES;
				GCC_C_LANGUAGE_STANDARD = gnu11;
				GCC_NO_COMMON_BLOCKS = YES;
				GCC_WARN_64_TO_32_BIT_CONVERSION = YES;
				GCC_WARN_ABOUT_RETURN_TYPE = YES_ERROR;
				GCC_WARN_UNDECLARED_SELECTOR = YES;
				GCC_WARN_UNINITIALIZED_AUTOS = YES_AGGRESSIVE;
				GCC_WARN_UNUSED_FUNCTION = YES;
				GCC_WARN_UNUSED_VARIABLE = YES;
				IPHONEOS_DEPLOYMENT_TARGET = 15.2;
				MTL_ENABLE_DEBUG_INFO = NO;
				MTL_FAST_MATH = YES;
				SDKROOT = iphoneos;
				SWIFT_COMPILATION_MODE = wholemodule;
				SWIFT_OPTIMIZATION_LEVEL = "-O";
				VALIDATE_PRODUCT = YES;
			};
			name = Release;
		};
		A5D3C70F285A9225001A1EE7 /* Debug */ = {
			isa = XCBuildConfiguration;
			baseConfigurationReference = 2079C577727E38B805D71231 /* Pods-Safe Hygeine 4U.debug.xcconfig */;
			buildSettings = {
				ASSETCATALOG_COMPILER_APPICON_NAME = AppIcon;
				ASSETCATALOG_COMPILER_GLOBAL_ACCENT_COLOR_NAME = AccentColor;
				CODE_SIGN_STYLE = Automatic;
				CURRENT_PROJECT_VERSION = 1;
				DEVELOPMENT_TEAM = KN446JPPP4;
				GENERATE_INFOPLIST_FILE = YES;
				INFOPLIST_FILE = "Safe Hygeine 4U/Info.plist";
				INFOPLIST_KEY_NSLocationWhenInUseUsageDescription = "Allows map to work";
				INFOPLIST_KEY_UIApplicationSupportsIndirectInputEvents = YES;
				INFOPLIST_KEY_UILaunchStoryboardName = LaunchScreen;
				INFOPLIST_KEY_UIMainStoryboardFile = Main;
				INFOPLIST_KEY_UISupportedInterfaceOrientations = UIInterfaceOrientationPortrait;
				INFOPLIST_KEY_UISupportedInterfaceOrientations_iPad = "UIInterfaceOrientationLandscapeLeft UIInterfaceOrientationLandscapeRight UIInterfaceOrientationPortraitUpsideDown";
				INFOPLIST_KEY_UIUserInterfaceStyle = Light;
				LD_RUNPATH_SEARCH_PATHS = (
					"$(inherited)",
					"@executable_path/Frameworks",
				);
				MARKETING_VERSION = 1.0;
				PRODUCT_BUNDLE_IDENTIFIER = "DaneJApps.Safe-Hygeine-4U";
				PRODUCT_NAME = "$(TARGET_NAME)";
				SWIFT_EMIT_LOC_STRINGS = YES;
				SWIFT_VERSION = 5.0;
				TARGETED_DEVICE_FAMILY = "1,2";
			};
			name = Debug;
		};
		A5D3C710285A9225001A1EE7 /* Release */ = {
			isa = XCBuildConfiguration;
			baseConfigurationReference = 1A76CE5EFFA73CE839203025 /* Pods-Safe Hygeine 4U.release.xcconfig */;
			buildSettings = {
				ASSETCATALOG_COMPILER_APPICON_NAME = AppIcon;
				ASSETCATALOG_COMPILER_GLOBAL_ACCENT_COLOR_NAME = AccentColor;
				CODE_SIGN_STYLE = Automatic;
				CURRENT_PROJECT_VERSION = 1;
				DEVELOPMENT_TEAM = KN446JPPP4;
				GENERATE_INFOPLIST_FILE = YES;
				INFOPLIST_FILE = "Safe Hygeine 4U/Info.plist";
				INFOPLIST_KEY_NSLocationWhenInUseUsageDescription = "Allows map to work";
				INFOPLIST_KEY_UIApplicationSupportsIndirectInputEvents = YES;
				INFOPLIST_KEY_UILaunchStoryboardName = LaunchScreen;
				INFOPLIST_KEY_UIMainStoryboardFile = Main;
				INFOPLIST_KEY_UISupportedInterfaceOrientations = UIInterfaceOrientationPortrait;
				INFOPLIST_KEY_UISupportedInterfaceOrientations_iPad = "UIInterfaceOrientationLandscapeLeft UIInterfaceOrientationLandscapeRight UIInterfaceOrientationPortraitUpsideDown";
				INFOPLIST_KEY_UIUserInterfaceStyle = Light;
				LD_RUNPATH_SEARCH_PATHS = (
					"$(inherited)",
					"@executable_path/Frameworks",
				);
				MARKETING_VERSION = 1.0;
				PRODUCT_BUNDLE_IDENTIFIER = "DaneJApps.Safe-Hygeine-4U";
				PRODUCT_NAME = "$(TARGET_NAME)";
				SWIFT_EMIT_LOC_STRINGS = YES;
				SWIFT_VERSION = 5.0;
				TARGETED_DEVICE_FAMILY = "1,2";
			};
			name = Release;
		};
/* End XCBuildConfiguration section */

/* Begin XCConfigurationList section */
		A5D3C6F5285A9222001A1EE7 /* Build configuration list for PBXProject "Safe Hygeine 4U" */ = {
			isa = XCConfigurationList;
			buildConfigurations = (
				A5D3C70C285A9225001A1EE7 /* Debug */,
				A5D3C70D285A9225001A1EE7 /* Release */,
			);
			defaultConfigurationIsVisible = 0;
			defaultConfigurationName = Release;
		};
		A5D3C70E285A9225001A1EE7 /* Build configuration list for PBXNativeTarget "Safe Hygeine 4U" */ = {
			isa = XCConfigurationList;
			buildConfigurations = (
				A5D3C70F285A9225001A1EE7 /* Debug */,
				A5D3C710285A9225001A1EE7 /* Release */,
			);
			defaultConfigurationIsVisible = 0;
			defaultConfigurationName = Release;
		};
/* End XCConfigurationList section */
	};
	rootObject = A5D3C6F2285A9222001A1EE7 /* Project object */;
}
